
Microsoft Visual Studio Solution File, Format Version 12.00
# Visual Studio Version 17
VisualStudioVersion = 17.1.32407.343
MinimumVisualStudioVersion = 10.0.40219.1
Project("{FAE04EC0-301F-11D3-BF4B-00C04F79EFBC}") = "Password_updated", "Password_updated\Password_updated.csproj", "{8D2AB4E4-EE4D-4BA1-9E3B-F79B466A8A9D}"
EndProject
Global
	GlobalSection(SolutionConfigurationPlatforms) = preSolution
		Debug|Any CPU = Debug|Any CPU
		Release|Any CPU = Release|Any CPU
	EndGlobalSection
	GlobalSection(ProjectConfigurationPlatforms) = postSolution
		{8D2AB4E4-EE4D-4BA1-9E3B-F79B466A8A9D}.Debug|Any CPU.ActiveCfg = Debug|Any CPU
		{8D2AB4E4-EE4D-4BA1-9E3B-F79B466A8A9D}.Debug|Any CPU.Build.0 = Debug|Any CPU
		{8D2AB4E4-EE4D-4BA1-9E3B-F79B466A8A9D}.Release|Any CPU.ActiveCfg = Release|Any CPU
		{8D2AB4E4-EE4D-4BA1-9E3B-F79B466A8A9D}.Release|Any CPU.Build.0 = Release|Any CPU
	EndGlobalSection
	GlobalSection(SolutionProperties) = preSolution
		HideSolutionNode = FALSE
	EndGlobalSection
	GlobalSection(ExtensibilityGlobals) = postSolution
		SolutionGuid = {BADAECF0-11E7-47DB-8B92-E604470F5807}
	EndGlobalSection
EndGlobal
